// !$*UTF8*$!
{
	archiveVersion = 1;
	classes = {
	};
	objectVersion = 46;
	objects = {

/* Begin PBXBuildFile section */
		833898B5190047F000240428 /* Foundation.framework in Frameworks */ = {isa = PBXBuildFile; fileRef = 833898B4190047F000240428 /* Foundation.framework */; };
		833898B7190047F000240428 /* CoreGraphics.framework in Frameworks */ = {isa = PBXBuildFile; fileRef = 833898B6190047F000240428 /* CoreGraphics.framework */; };
		833898B9190047F000240428 /* UIKit.framework in Frameworks */ = {isa = PBXBuildFile; fileRef = 833898B8190047F000240428 /* UIKit.framework */; };
		833898BB190047F000240428 /* SpriteKit.framework in Frameworks */ = {isa = PBXBuildFile; fileRef = 833898BA190047F000240428 /* SpriteKit.framework */; };
		833898C1190047F000240428 /* InfoPlist.strings in Resources */ = {isa = PBXBuildFile; fileRef = 833898BF190047F000240428 /* InfoPlist.strings */; };
		833898C3190047F000240428 /* main.m in Sources */ = {isa = PBXBuildFile; fileRef = 833898C2190047F000240428 /* main.m */; };
		833898C7190047F000240428 /* AppDelegate.m in Sources */ = {isa = PBXBuildFile; fileRef = 833898C6190047F000240428 /* AppDelegate.m */; };
		833898CD190047F000240428 /* ViewController.m in Sources */ = {isa = PBXBuildFile; fileRef = 833898CC190047F000240428 /* ViewController.m */; };
		833898D0190047F000240428 /* MyScene.m in Sources */ = {isa = PBXBuildFile; fileRef = 833898CF190047F000240428 /* MyScene.m */; };
		833898DB190047F000240428 /* XCTest.framework in Frameworks */ = {isa = PBXBuildFile; fileRef = 833898DA190047F000240428 /* XCTest.framework */; };
		833898DC190047F000240428 /* Foundation.framework in Frameworks */ = {isa = PBXBuildFile; fileRef = 833898B4190047F000240428 /* Foundation.framework */; };
		833898DD190047F000240428 /* UIKit.framework in Frameworks */ = {isa = PBXBuildFile; fileRef = 833898B8190047F000240428 /* UIKit.framework */; };
		8338995F19004F4C00240428 /* map.tmx in Resources */ = {isa = PBXBuildFile; fileRef = 8338995D19004F4C00240428 /* map.tmx */; };
		8338996019004F4C00240428 /* tiles.png in Resources */ = {isa = PBXBuildFile; fileRef = 8338995E19004F4C00240428 /* tiles.png */; };
		8338996E190052D100240428 /* SKSpriteNode+TC_CollisionSubject.m in Sources */ = {isa = PBXBuildFile; fileRef = 83389963190052D100240428 /* SKSpriteNode+TC_CollisionSubject.m */; };
		8338996F190052D100240428 /* TC_Collision.m in Sources */ = {isa = PBXBuildFile; fileRef = 83389966190052D100240428 /* TC_Collision.m */; };
		83389970190052D100240428 /* TC_CollisionDetector.m in Sources */ = {isa = PBXBuildFile; fileRef = 83389968190052D100240428 /* TC_CollisionDetector.m */; };
		83389971190052D100240428 /* TC_CollisionResponse.m in Sources */ = {isa = PBXBuildFile; fileRef = 8338996A190052D100240428 /* TC_CollisionResponse.m */; };
		83389972190052D100240428 /* TC_SpatialCollisionManager.m in Sources */ = {isa = PBXBuildFile; fileRef = 8338996D190052D100240428 /* TC_SpatialCollisionManager.m */; };
		833899791900548E00240428 /* LFCGzipUtility.m in Sources */ = {isa = PBXBuildFile; fileRef = 833899781900548E00240428 /* LFCGzipUtility.m */; };
		8338997F190054EB00240428 /* libz.dylib in Frameworks */ = {isa = PBXBuildFile; fileRef = 8338997E190054EB00240428 /* libz.dylib */; };
		833899811900634C00240428 /* Images.xcassets in Resources */ = {isa = PBXBuildFile; fileRef = 833899801900634C00240428 /* Images.xcassets */; };
		833899841900648600240428 /* Player.m in Sources */ = {isa = PBXBuildFile; fileRef = 833899831900648600240428 /* Player.m */; };
		8338998719006EF000240428 /* SKSpriteNode+Tile.m in Sources */ = {isa = PBXBuildFile; fileRef = 8338998619006EF000240428 /* SKSpriteNode+Tile.m */; };
		8338998A1900717F00240428 /* JSTileMap.m in Sources */ = {isa = PBXBuildFile; fileRef = 833899891900717F00240428 /* JSTileMap.m */; };
/* End PBXBuildFile section */

/* Begin PBXContainerItemProxy section */
		833898DE190047F000240428 /* PBXContainerItemProxy */ = {
			isa = PBXContainerItemProxy;
			containerPortal = 833898A9190047F000240428 /* Project object */;
			proxyType = 1;
			remoteGlobalIDString = 833898B0190047F000240428;
			remoteInfo = ToastCollisions2D_Sample;
		};
/* End PBXContainerItemProxy section */

/* Begin PBXFileReference section */
		833898B1190047F000240428 /* ToastCollisions2D_Sample.app */ = {isa = PBXFileReference; explicitFileType = wrapper.application; includeInIndex = 0; path = ToastCollisions2D_Sample.app; sourceTree = BUILT_PRODUCTS_DIR; };
		833898B4190047F000240428 /* Foundation.framework */ = {isa = PBXFileReference; lastKnownFileType = wrapper.framework; name = Foundation.framework; path = System/Library/Frameworks/Foundation.framework; sourceTree = SDKROOT; };
		833898B6190047F000240428 /* CoreGraphics.framework */ = {isa = PBXFileReference; lastKnownFileType = wrapper.framework; name = CoreGraphics.framework; path = System/Library/Frameworks/CoreGraphics.framework; sourceTree = SDKROOT; };
		833898B8190047F000240428 /* UIKit.framework */ = {isa = PBXFileReference; lastKnownFileType = wrapper.framework; name = UIKit.framework; path = System/Library/Frameworks/UIKit.framework; sourceTree = SDKROOT; };
		833898BA190047F000240428 /* SpriteKit.framework */ = {isa = PBXFileReference; lastKnownFileType = wrapper.framework; name = SpriteKit.framework; path = System/Library/Frameworks/SpriteKit.framework; sourceTree = SDKROOT; };
		833898BE190047F000240428 /* ToastCollisions2D_Sample-Info.plist */ = {isa = PBXFileReference; lastKnownFileType = text.plist.xml; path = "ToastCollisions2D_Sample-Info.plist"; sourceTree = "<group>"; };
		833898C0190047F000240428 /* en */ = {isa = PBXFileReference; lastKnownFileType = text.plist.strings; name = en; path = en.lproj/InfoPlist.strings; sourceTree = "<group>"; };
		833898C2190047F000240428 /* main.m */ = {isa = PBXFileReference; lastKnownFileType = sourcecode.c.objc; path = main.m; sourceTree = "<group>"; };
		833898C4190047F000240428 /* ToastCollisions2D_Sample-Prefix.pch */ = {isa = PBXFileReference; lastKnownFileType = sourcecode.c.h; path = "ToastCollisions2D_Sample-Prefix.pch"; sourceTree = "<group>"; };
		833898C5190047F000240428 /* AppDelegate.h */ = {isa = PBXFileReference; lastKnownFileType = sourcecode.c.h; path = AppDelegate.h; sourceTree = "<group>"; };
		833898C6190047F000240428 /* AppDelegate.m */ = {isa = PBXFileReference; lastKnownFileType = sourcecode.c.objc; path = AppDelegate.m; sourceTree = "<group>"; };
		833898CB190047F000240428 /* ViewController.h */ = {isa = PBXFileReference; lastKnownFileType = sourcecode.c.h; path = ViewController.h; sourceTree = "<group>"; };
		833898CC190047F000240428 /* ViewController.m */ = {isa = PBXFileReference; lastKnownFileType = sourcecode.c.objc; path = ViewController.m; sourceTree = "<group>"; };
		833898CE190047F000240428 /* MyScene.h */ = {isa = PBXFileReference; lastKnownFileType = sourcecode.c.h; path = MyScene.h; sourceTree = "<group>"; };
		833898CF190047F000240428 /* MyScene.m */ = {isa = PBXFileReference; lastKnownFileType = sourcecode.c.objc; path = MyScene.m; sourceTree = "<group>"; };
		833898D9190047F000240428 /* ToastCollisions2D_SampleTests.xctest */ = {isa = PBXFileReference; explicitFileType = wrapper.cfbundle; includeInIndex = 0; path = ToastCollisions2D_SampleTests.xctest; sourceTree = BUILT_PRODUCTS_DIR; };
		833898DA190047F000240428 /* XCTest.framework */ = {isa = PBXFileReference; lastKnownFileType = wrapper.framework; name = XCTest.framework; path = Library/Frameworks/XCTest.framework; sourceTree = DEVELOPER_DIR; };
		8338995D19004F4C00240428 /* map.tmx */ = {isa = PBXFileReference; fileEncoding = 4; lastKnownFileType = text.xml; path = map.tmx; sourceTree = "<group>"; };
		8338995E19004F4C00240428 /* tiles.png */ = {isa = PBXFileReference; lastKnownFileType = image.png; path = tiles.png; sourceTree = "<group>"; };
		83389962190052D100240428 /* SKSpriteNode+TC_CollisionSubject.h */ = {isa = PBXFileReference; fileEncoding = 4; lastKnownFileType = sourcecode.c.h; path = "SKSpriteNode+TC_CollisionSubject.h"; sourceTree = "<group>"; };
		83389963190052D100240428 /* SKSpriteNode+TC_CollisionSubject.m */ = {isa = PBXFileReference; fileEncoding = 4; lastKnownFileType = sourcecode.c.objc; path = "SKSpriteNode+TC_CollisionSubject.m"; sourceTree = "<group>"; };
		83389964190052D100240428 /* SKTUtils.h */ = {isa = PBXFileReference; fileEncoding = 4; lastKnownFileType = sourcecode.c.h; path = SKTUtils.h; sourceTree = "<group>"; };
		83389965190052D100240428 /* TC_Collision.h */ = {isa = PBXFileReference; fileEncoding = 4; lastKnownFileType = sourcecode.c.h; path = TC_Collision.h; sourceTree = "<group>"; };
		83389966190052D100240428 /* TC_Collision.m */ = {isa = PBXFileReference; fileEncoding = 4; lastKnownFileType = sourcecode.c.objc; path = TC_Collision.m; sourceTree = "<group>"; };
		83389967190052D100240428 /* TC_CollisionDetector.h */ = {isa = PBXFileReference; fileEncoding = 4; lastKnownFileType = sourcecode.c.h; path = TC_CollisionDetector.h; sourceTree = "<group>"; };
		83389968190052D100240428 /* TC_CollisionDetector.m */ = {isa = PBXFileReference; fileEncoding = 4; lastKnownFileType = sourcecode.c.objc; path = TC_CollisionDetector.m; sourceTree = "<group>"; };
		83389969190052D100240428 /* TC_CollisionResponse.h */ = {isa = PBXFileReference; fileEncoding = 4; lastKnownFileType = sourcecode.c.h; path = TC_CollisionResponse.h; sourceTree = "<group>"; };
		8338996A190052D100240428 /* TC_CollisionResponse.m */ = {isa = PBXFileReference; fileEncoding = 4; lastKnownFileType = sourcecode.c.objc; path = TC_CollisionResponse.m; sourceTree = "<group>"; };
		8338996B190052D100240428 /* TC_Direction.h */ = {isa = PBXFileReference; fileEncoding = 4; lastKnownFileType = sourcecode.c.h; path = TC_Direction.h; sourceTree = "<group>"; };
		8338996C190052D100240428 /* TC_SpatialCollisionManager.h */ = {isa = PBXFileReference; fileEncoding = 4; lastKnownFileType = sourcecode.c.h; path = TC_SpatialCollisionManager.h; sourceTree = "<group>"; };
		8338996D190052D100240428 /* TC_SpatialCollisionManager.m */ = {isa = PBXFileReference; fileEncoding = 4; lastKnownFileType = sourcecode.c.objc; path = TC_SpatialCollisionManager.m; sourceTree = "<group>"; };
		833899771900548E00240428 /* LFCGzipUtility.h */ = {isa = PBXFileReference; fileEncoding = 4; lastKnownFileType = sourcecode.c.h; name = LFCGzipUtility.h; path = JSTileMap/LFCGzipUtility.h; sourceTree = SOURCE_ROOT; };
		833899781900548E00240428 /* LFCGzipUtility.m */ = {isa = PBXFileReference; fileEncoding = 4; lastKnownFileType = sourcecode.c.objc; name = LFCGzipUtility.m; path = JSTileMap/LFCGzipUtility.m; sourceTree = SOURCE_ROOT; };
		8338997E190054EB00240428 /* libz.dylib */ = {isa = PBXFileReference; lastKnownFileType = "compiled.mach-o.dylib"; name = libz.dylib; path = usr/lib/libz.dylib; sourceTree = SDKROOT; };
		833899801900634C00240428 /* Images.xcassets */ = {isa = PBXFileReference; lastKnownFileType = folder.assetcatalog; path = Images.xcassets; sourceTree = "<group>"; };
		833899821900648600240428 /* Player.h */ = {isa = PBXFileReference; fileEncoding = 4; lastKnownFileType = sourcecode.c.h; path = Player.h; sourceTree = "<group>"; };
		833899831900648600240428 /* Player.m */ = {isa = PBXFileReference; fileEncoding = 4; lastKnownFileType = sourcecode.c.objc; path = Player.m; sourceTree = "<group>"; };
		8338998519006EF000240428 /* SKSpriteNode+Tile.h */ = {isa = PBXFileReference; fileEncoding = 4; lastKnownFileType = sourcecode.c.h; path = "SKSpriteNode+Tile.h"; sourceTree = "<group>"; };
		8338998619006EF000240428 /* SKSpriteNode+Tile.m */ = {isa = PBXFileReference; fileEncoding = 4; lastKnownFileType = sourcecode.c.objc; path = "SKSpriteNode+Tile.m"; sourceTree = "<group>"; };
		833899881900717F00240428 /* JSTileMap.h */ = {isa = PBXFileReference; fileEncoding = 4; lastKnownFileType = sourcecode.c.h; name = JSTileMap.h; path = JSTileMap/JSTileMap.h; sourceTree = "<group>"; };
		833899891900717F00240428 /* JSTileMap.m */ = {isa = PBXFileReference; fileEncoding = 4; lastKnownFileType = sourcecode.c.objc; name = JSTileMap.m; path = JSTileMap/JSTileMap.m; sourceTree = "<group>"; };
/* End PBXFileReference section */

/* Begin PBXFrameworksBuildPhase section */
		833898AE190047F000240428 /* Frameworks */ = {
			isa = PBXFrameworksBuildPhase;
			buildActionMask = 2147483647;
			files = (
				8338997F190054EB00240428 /* libz.dylib in Frameworks */,
				833898B7190047F000240428 /* CoreGraphics.framework in Frameworks */,
				833898B9190047F000240428 /* UIKit.framework in Frameworks */,
				833898BB190047F000240428 /* SpriteKit.framework in Frameworks */,
				833898B5190047F000240428 /* Foundation.framework in Frameworks */,
			);
			runOnlyForDeploymentPostprocessing = 0;
		};
		833898D6190047F000240428 /* Frameworks */ = {
			isa = PBXFrameworksBuildPhase;
			buildActionMask = 2147483647;
			files = (
				833898DB190047F000240428 /* XCTest.framework in Frameworks */,
				833898DD190047F000240428 /* UIKit.framework in Frameworks */,
				833898DC190047F000240428 /* Foundation.framework in Frameworks */,
			);
			runOnlyForDeploymentPostprocessing = 0;
		};
/* End PBXFrameworksBuildPhase section */

/* Begin PBXGroup section */
		833898A8190047F000240428 = {
			isa = PBXGroup;
			children = (
				833898BC190047F000240428 /* ToastCollisions2D_Sample */,
				833898B3190047F000240428 /* Frameworks */,
				833898B2190047F000240428 /* Products */,
			);
			sourceTree = "<group>";
		};
		833898B2190047F000240428 /* Products */ = {
			isa = PBXGroup;
			children = (
				833898B1190047F000240428 /* ToastCollisions2D_Sample.app */,
				833898D9190047F000240428 /* ToastCollisions2D_SampleTests.xctest */,
			);
			name = Products;
			sourceTree = "<group>";
		};
		833898B3190047F000240428 /* Frameworks */ = {
			isa = PBXGroup;
			children = (
				8338997D190054A500240428 /* JSTileMap */,
				83389961190052D100240428 /* ToastCollisions2D */,
				833898B4190047F000240428 /* Foundation.framework */,
				833898B6190047F000240428 /* CoreGraphics.framework */,
				833898B8190047F000240428 /* UIKit.framework */,
				833898BA190047F000240428 /* SpriteKit.framework */,
				833898DA190047F000240428 /* XCTest.framework */,
				8338997E190054EB00240428 /* libz.dylib */,
			);
			name = Frameworks;
			sourceTree = "<group>";
		};
		833898BC190047F000240428 /* ToastCollisions2D_Sample */ = {
			isa = PBXGroup;
			children = (
				833898C5190047F000240428 /* AppDelegate.h */,
				833898C6190047F000240428 /* AppDelegate.m */,
				833898CB190047F000240428 /* ViewController.h */,
				833898CC190047F000240428 /* ViewController.m */,
				833898CE190047F000240428 /* MyScene.h */,
				833898CF190047F000240428 /* MyScene.m */,
				833899821900648600240428 /* Player.h */,
				833899831900648600240428 /* Player.m */,
				8338998519006EF000240428 /* SKSpriteNode+Tile.h */,
				8338998619006EF000240428 /* SKSpriteNode+Tile.m */,
				8338995D19004F4C00240428 /* map.tmx */,
				8338995E19004F4C00240428 /* tiles.png */,
				833898BD190047F000240428 /* Supporting Files */,
			);
			path = ToastCollisions2D_Sample;
			sourceTree = "<group>";
		};
		833898BD190047F000240428 /* Supporting Files */ = {
			isa = PBXGroup;
			children = (
				833899801900634C00240428 /* Images.xcassets */,
				833898BE190047F000240428 /* ToastCollisions2D_Sample-Info.plist */,
				833898BF190047F000240428 /* InfoPlist.strings */,
				833898C2190047F000240428 /* main.m */,
				833898C4190047F000240428 /* ToastCollisions2D_Sample-Prefix.pch */,
			);
			name = "Supporting Files";
			sourceTree = "<group>";
		};
		83389961190052D100240428 /* ToastCollisions2D */ = {
			isa = PBXGroup;
			children = (
				83389962190052D100240428 /* SKSpriteNode+TC_CollisionSubject.h */,
				83389963190052D100240428 /* SKSpriteNode+TC_CollisionSubject.m */,
				83389964190052D100240428 /* SKTUtils.h */,
				83389965190052D100240428 /* TC_Collision.h */,
				83389966190052D100240428 /* TC_Collision.m */,
				83389967190052D100240428 /* TC_CollisionDetector.h */,
				83389968190052D100240428 /* TC_CollisionDetector.m */,
				83389969190052D100240428 /* TC_CollisionResponse.h */,
				8338996A190052D100240428 /* TC_CollisionResponse.m */,
				8338996B190052D100240428 /* TC_Direction.h */,
				8338996C190052D100240428 /* TC_SpatialCollisionManager.h */,
				8338996D190052D100240428 /* TC_SpatialCollisionManager.m */,
			);
			name = ToastCollisions2D;
			path = ../ToastCollisions2D;
			sourceTree = "<group>";
		};
		8338997D190054A500240428 /* JSTileMap */ = {
			isa = PBXGroup;
			children = (
				833899881900717F00240428 /* JSTileMap.h */,
				833899891900717F00240428 /* JSTileMap.m */,
				833899771900548E00240428 /* LFCGzipUtility.h */,
				833899781900548E00240428 /* LFCGzipUtility.m */,
			);
			name = JSTileMap;
			sourceTree = "<group>";
		};
/* End PBXGroup section */

/* Begin PBXNativeTarget section */
		833898B0190047F000240428 /* ToastCollisions2D_Sample */ = {
			isa = PBXNativeTarget;
			buildConfigurationList = 833898EA190047F000240428 /* Build configuration list for PBXNativeTarget "ToastCollisions2D_Sample" */;
			buildPhases = (
				833898AD190047F000240428 /* Sources */,
				833898AE190047F000240428 /* Frameworks */,
				833898AF190047F000240428 /* Resources */,
			);
			buildRules = (
			);
			dependencies = (
			);
			name = ToastCollisions2D_Sample;
			productName = ToastCollisions2D_Sample;
			productReference = 833898B1190047F000240428 /* ToastCollisions2D_Sample.app */;
			productType = "com.apple.product-type.application";
		};
		833898D8190047F000240428 /* ToastCollisions2D_SampleTests */ = {
			isa = PBXNativeTarget;
			buildConfigurationList = 833898ED190047F000240428 /* Build configuration list for PBXNativeTarget "ToastCollisions2D_SampleTests" */;
			buildPhases = (
				833898D5190047F000240428 /* Sources */,
				833898D6190047F000240428 /* Frameworks */,
				833898D7190047F000240428 /* Resources */,
			);
			buildRules = (
			);
			dependencies = (
				833898DF190047F000240428 /* PBXTargetDependency */,
			);
			name = ToastCollisions2D_SampleTests;
			productName = ToastCollisions2D_SampleTests;
			productReference = 833898D9190047F000240428 /* ToastCollisions2D_SampleTests.xctest */;
			productType = "com.apple.product-type.bundle.unit-test";
		};
/* End PBXNativeTarget section */

/* Begin PBXProject section */
		833898A9190047F000240428 /* Project object */ = {
			isa = PBXProject;
			attributes = {
				LastUpgradeCheck = 0510;
				ORGANIZATIONNAME = "Henry Everett";
				TargetAttributes = {
					833898D8190047F000240428 = {
						TestTargetID = 833898B0190047F000240428;
					};
				};
			};
			buildConfigurationList = 833898AC190047F000240428 /* Build configuration list for PBXProject "ToastCollisions2D_Sample" */;
			compatibilityVersion = "Xcode 3.2";
			developmentRegion = English;
			hasScannedForEncodings = 0;
			knownRegions = (
				en,
				Base,
			);
			mainGroup = 833898A8190047F000240428;
			productRefGroup = 833898B2190047F000240428 /* Products */;
			projectDirPath = "";
			projectRoot = "";
			targets = (
				833898B0190047F000240428 /* ToastCollisions2D_Sample */,
				833898D8190047F000240428 /* ToastCollisions2D_SampleTests */,
			);
		};
/* End PBXProject section */

/* Begin PBXResourcesBuildPhase section */
		833898AF190047F000240428 /* Resources */ = {
			isa = PBXResourcesBuildPhase;
			buildActionMask = 2147483647;
			files = (
				833898C1190047F000240428 /* InfoPlist.strings in Resources */,
				833899811900634C00240428 /* Images.xcassets in Resources */,
				8338995F19004F4C00240428 /* map.tmx in Resources */,
				8338996019004F4C00240428 /* tiles.png in Resources */,
			);
			runOnlyForDeploymentPostprocessing = 0;
		};
		833898D7190047F000240428 /* Resources */ = {
			isa = PBXResourcesBuildPhase;
			buildActionMask = 2147483647;
			files = (
			);
			runOnlyForDeploymentPostprocessing = 0;
		};
/* End PBXResourcesBuildPhase section */

/* Begin PBXSourcesBuildPhase section */
		833898AD190047F000240428 /* Sources */ = {
			isa = PBXSourcesBuildPhase;
			buildActionMask = 2147483647;
			files = (
				83389970190052D100240428 /* TC_CollisionDetector.m in Sources */,
				83389972190052D100240428 /* TC_SpatialCollisionManager.m in Sources */,
				833898D0190047F000240428 /* MyScene.m in Sources */,
				8338998A1900717F00240428 /* JSTileMap.m in Sources */,
				8338996F190052D100240428 /* TC_Collision.m in Sources */,
				833899841900648600240428 /* Player.m in Sources */,
				8338996E190052D100240428 /* SKSpriteNode+TC_CollisionSubject.m in Sources */,
				83389971190052D100240428 /* TC_CollisionResponse.m in Sources */,
				833899791900548E00240428 /* LFCGzipUtility.m in Sources */,
				8338998719006EF000240428 /* SKSpriteNode+Tile.m in Sources */,
				833898CD190047F000240428 /* ViewController.m in Sources */,
				833898C7190047F000240428 /* AppDelegate.m in Sources */,
				833898C3190047F000240428 /* main.m in Sources */,
			);
			runOnlyForDeploymentPostprocessing = 0;
		};
		833898D5190047F000240428 /* Sources */ = {
			isa = PBXSourcesBuildPhase;
			buildActionMask = 2147483647;
			files = (
			);
			runOnlyForDeploymentPostprocessing = 0;
		};
/* End PBXSourcesBuildPhase section */

/* Begin PBXTargetDependency section */
		833898DF190047F000240428 /* PBXTargetDependency */ = {
			isa = PBXTargetDependency;
			target = 833898B0190047F000240428 /* ToastCollisions2D_Sample */;
			targetProxy = 833898DE190047F000240428 /* PBXContainerItemProxy */;
		};
/* End PBXTargetDependency section */

/* Begin PBXVariantGroup section */
		833898BF190047F000240428 /* InfoPlist.strings */ = {
			isa = PBXVariantGroup;
			children = (
				833898C0190047F000240428 /* en */,
			);
			name = InfoPlist.strings;
			sourceTree = "<group>";
		};
/* End PBXVariantGroup section */

/* Begin XCBuildConfiguration section */
		833898E8190047F000240428 /* Debug */ = {
			isa = XCBuildConfiguration;
			buildSettings = {
				ALWAYS_SEARCH_USER_PATHS = NO;
				CLANG_CXX_LANGUAGE_STANDARD = "gnu++0x";
				CLANG_CXX_LIBRARY = "libc++";
				CLANG_ENABLE_MODULES = YES;
				CLANG_ENABLE_OBJC_ARC = YES;
				CLANG_WARN_BOOL_CONVERSION = YES;
				CLANG_WARN_CONSTANT_CONVERSION = YES;
				CLANG_WARN_DIRECT_OBJC_ISA_USAGE = YES_ERROR;
				CLANG_WARN_EMPTY_BODY = YES;
				CLANG_WARN_ENUM_CONVERSION = YES;
				CLANG_WARN_INT_CONVERSION = YES;
				CLANG_WARN_OBJC_ROOT_CLASS = YES_ERROR;
				CLANG_WARN__DUPLICATE_METHOD_MATCH = YES;
				"CODE_SIGN_IDENTITY[sdk=iphoneos*]" = "iPhone Developer";
				COPY_PHASE_STRIP = NO;
				GCC_C_LANGUAGE_STANDARD = gnu99;
				GCC_DYNAMIC_NO_PIC = NO;
				GCC_OPTIMIZATION_LEVEL = 0;
				GCC_PREPROCESSOR_DEFINITIONS = (
					"DEBUG=1",
					"$(inherited)",
				);
				GCC_SYMBOLS_PRIVATE_EXTERN = NO;
				GCC_WARN_64_TO_32_BIT_CONVERSION = YES;
				GCC_WARN_ABOUT_RETURN_TYPE = YES_ERROR;
				GCC_WARN_UNDECLARED_SELECTOR = YES;
				GCC_WARN_UNINITIALIZED_AUTOS = YES_AGGRESSIVE;
				GCC_WARN_UNUSED_FUNCTION = YES;
				GCC_WARN_UNUSED_VARIABLE = YES;
				IPHONEOS_DEPLOYMENT_TARGET = 7.1;
				ONLY_ACTIVE_ARCH = YES;
				SDKROOT = iphoneos;
			};
			name = Debug;
		};
		833898E9190047F000240428 /* Release */ = {
			isa = XCBuildConfiguration;
			buildSettings = {
				ALWAYS_SEARCH_USER_PATHS = NO;
				CLANG_CXX_LANGUAGE_STANDARD = "gnu++0x";
				CLANG_CXX_LIBRARY = "libc++";
				CLANG_ENABLE_MODULES = YES;
				CLANG_ENABLE_OBJC_ARC = YES;
				CLANG_WARN_BOOL_CONVERSION = YES;
				CLANG_WARN_CONSTANT_CONVERSION = YES;
				CLANG_WARN_DIRECT_OBJC_ISA_USAGE = YES_ERROR;
				CLANG_WARN_EMPTY_BODY = YES;
				CLANG_WARN_ENUM_CONVERSION = YES;
				CLANG_WARN_INT_CONVERSION = YES;
				CLANG_WARN_OBJC_ROOT_CLASS = YES_ERROR;
				CLANG_WARN__DUPLICATE_METHOD_MATCH = YES;
				"CODE_SIGN_IDENTITY[sdk=iphoneos*]" = "iPhone Developer";
				COPY_PHASE_STRIP = YES;
				ENABLE_NS_ASSERTIONS = NO;
				GCC_C_LANGUAGE_STANDARD = gnu99;
				GCC_WARN_64_TO_32_BIT_CONVERSION = YES;
				GCC_WARN_ABOUT_RETURN_TYPE = YES_ERROR;
				GCC_WARN_UNDECLARED_SELECTOR = YES;
				GCC_WARN_UNINITIALIZED_AUTOS = YES_AGGRESSIVE;
				GCC_WARN_UNUSED_FUNCTION = YES;
				GCC_WARN_UNUSED_VARIABLE = YES;
				IPHONEOS_DEPLOYMENT_TARGET = 7.1;
				SDKROOT = iphoneos;
				VALIDATE_PRODUCT = YES;
			};
			name = Release;
		};
		833898EB190047F000240428 /* Debug */ = {
			isa = XCBuildConfiguration;
			buildSettings = {
				ASSETCATALOG_COMPILER_APPICON_NAME = AppIcon;
				ASSETCATALOG_COMPILER_LAUNCHIMAGE_NAME = LaunchImage;
				GCC_PRECOMPILE_PREFIX_HEADER = YES;
				GCC_PREFIX_HEADER = "ToastCollisions2D_Sample/ToastCollisions2D_Sample-Prefix.pch";
				INFOPLIST_FILE = "ToastCollisions2D_Sample/ToastCollisions2D_Sample-Info.plist";
				PRODUCT_NAME = "$(TARGET_NAME)";
				SPRITEKIT_TEXTURE_ATLAS_OUTPUT = YES;
				WRAPPER_EXTENSION = app;
			};
			name = Debug;
		};
		833898EC190047F000240428 /* Release */ = {
			isa = XCBuildConfiguration;
			buildSettings = {
				ASSETCATALOG_COMPILER_APPICON_NAME = AppIcon;
				ASSETCATALOG_COMPILER_LAUNCHIMAGE_NAME = LaunchImage;
				GCC_PRECOMPILE_PREFIX_HEADER = YES;
				GCC_PREFIX_HEADER = "ToastCollisions2D_Sample/ToastCollisions2D_Sample-Prefix.pch";
				INFOPLIST_FILE = "ToastCollisions2D_Sample/ToastCollisions2D_Sample-Info.plist";
				PRODUCT_NAME = "$(TARGET_NAME)";
				SPRITEKIT_TEXTURE_ATLAS_OUTPUT = YES;
				WRAPPER_EXTENSION = app;
			};
			name = Release;
		};
		833898EE190047F000240428 /* Debug */ = {
			isa = XCBuildConfiguration;
			buildSettings = {
				BUNDLE_LOADER = "$(BUILT_PRODUCTS_DIR)/ToastCollisions2D_Sample.app/ToastCollisions2D_Sample";
				FRAMEWORK_SEARCH_PATHS = (
					"$(SDKROOT)/Developer/Library/Frameworks",
					"$(inherited)",
					"$(DEVELOPER_FRAMEWORKS_DIR)",
				);
				GCC_PRECOMPILE_PREFIX_HEADER = YES;
				GCC_PREFIX_HEADER = "ToastCollisions2D_Sample/ToastCollisions2D_Sample-Prefix.pch";
				GCC_PREPROCESSOR_DEFINITIONS = (
					"DEBUG=1",
					"$(inherited)",
				);
				INFOPLIST_FILE = "ToastCollisions2D_SampleTests/ToastCollisions2D_SampleTests-Info.plist";
				PRODUCT_NAME = "$(TARGET_NAME)";
				TEST_HOST = "$(BUNDLE_LOADER)";
				WRAPPER_EXTENSION = xctest;
			};
			name = Debug;
		};
		833898EF190047F000240428 /* Release */ = {
			isa = XCBuildConfiguration;
			buildSettings = {
				BUNDLE_LOADER = "$(BUILT_PRODUCTS_DIR)/ToastCollisions2D_Sample.app/ToastCollisions2D_Sample";
				FRAMEWORK_SEARCH_PATHS = (
					"$(SDKROOT)/Developer/Library/Frameworks",
					"$(inherited)",
					"$(DEVELOPER_FRAMEWORKS_DIR)",
				);
				GCC_PRECOMPILE_PREFIX_HEADER = YES;
				GCC_PREFIX_HEADER = "ToastCollisions2D_Sample/ToastCollisions2D_Sample-Prefix.pch";
				INFOPLIST_FILE = "ToastCollisions2D_SampleTests/ToastCollisions2D_SampleTests-Info.plist";
				PRODUCT_NAME = "$(TARGET_NAME)";
				TEST_HOST = "$(BUNDLE_LOADER)";
				WRAPPER_EXTENSION = xctest;
			};
			name = Release;
		};
/* End XCBuildConfiguration section */

/* Begin XCConfigurationList section */
		833898AC190047F000240428 /* Build configuration list for PBXProject "ToastCollisions2D_Sample" */ = {
			isa = XCConfigurationList;
			buildConfigurations = (
				833898E8190047F000240428 /* Debug */,
				833898E9190047F000240428 /* Release */,
			);
			defaultConfigurationIsVisible = 0;
			defaultConfigurationName = Release;
		};
		833898EA190047F000240428 /* Build configuration list for PBXNativeTarget "ToastCollisions2D_Sample" */ = {
			isa = XCConfigurationList;
			buildConfigurations = (
				833898EB190047F000240428 /* Debug */,
				833898EC190047F000240428 /* Release */,
			);
			defaultConfigurationIsVisible = 0;
		};
		833898ED190047F000240428 /* Build configuration list for PBXNativeTarget "ToastCollisions2D_SampleTests" */ = {
			isa = XCConfigurationList;
			buildConfigurations = (
				833898EE190047F000240428 /* Debug */,
				833898EF190047F000240428 /* Release */,
			);
			defaultConfigurationIsVisible = 0;
		};
/* End XCConfigurationList section */
	};
	rootObject = 833898A9190047F000240428 /* Project object */;
}
